// !$*UTF8*$!
{
	archiveVersion = 1;
	classes = {
	};
	objectVersion = 46;
	objects = {

/* Begin PBXBuildFile section */
		0A52BF551F9489F5007DBF42 /* main.m in Sources */ = {isa = PBXBuildFile; fileRef = 0A52BF541F9489F5007DBF42 /* main.m */; };
		0A52BF581F9489F5007DBF42 /* AppDelegate.m in Sources */ = {isa = PBXBuildFile; fileRef = 0A52BF571F9489F5007DBF42 /* AppDelegate.m */; };
		0A52BF5B1F9489F5007DBF42 /* ViewController.m in Sources */ = {isa = PBXBuildFile; fileRef = 0A52BF5A1F9489F5007DBF42 /* ViewController.m */; };
		0A52BF5E1F9489F5007DBF42 /* Main.storyboard in Resources */ = {isa = PBXBuildFile; fileRef = 0A52BF5C1F9489F5007DBF42 /* Main.storyboard */; };
		0A52BF601F9489F5007DBF42 /* Assets.xcassets in Resources */ = {isa = PBXBuildFile; fileRef = 0A52BF5F1F9489F5007DBF42 /* Assets.xcassets */; };
		0A52BF631F9489F5007DBF42 /* LaunchScreen.storyboard in Resources */ = {isa = PBXBuildFile; fileRef = 0A52BF611F9489F5007DBF42 /* LaunchScreen.storyboard */; };
		0A52BF6E1F9489F5007DBF42 /* NHVersionHelperDemoTests.m in Sources */ = {isa = PBXBuildFile; fileRef = 0A52BF6D1F9489F5007DBF42 /* NHVersionHelperDemoTests.m */; };
		0A52BF791F9489F5007DBF42 /* NHVersionHelperDemoUITests.m in Sources */ = {isa = PBXBuildFile; fileRef = 0A52BF781F9489F5007DBF42 /* NHVersionHelperDemoUITests.m */; };
		45A27741C38C11F5FC0C3DBC /* libPods-NHVersionHelperDemo.a in Frameworks */ = {isa = PBXBuildFile; fileRef = A7D1595DB40F1A9428F0C276 /* libPods-NHVersionHelperDemo.a */; };
/* End PBXBuildFile section */

/* Begin PBXContainerItemProxy section */
		0A52BF6A1F9489F5007DBF42 /* PBXContainerItemProxy */ = {
			isa = PBXContainerItemProxy;
			containerPortal = 0A52BF481F9489F5007DBF42 /* Project object */;
			proxyType = 1;
			remoteGlobalIDString = 0A52BF4F1F9489F5007DBF42;
			remoteInfo = NHVersionHelperDemo;
		};
		0A52BF751F9489F5007DBF42 /* PBXContainerItemProxy */ = {
			isa = PBXContainerItemProxy;
			containerPortal = 0A52BF481F9489F5007DBF42 /* Project object */;
			proxyType = 1;
			remoteGlobalIDString = 0A52BF4F1F9489F5007DBF42;
			remoteInfo = NHVersionHelperDemo;
		};
/* End PBXContainerItemProxy section */

/* Begin PBXFileReference section */
		0A52BF501F9489F5007DBF42 /* NHVersionHelperDemo.app */ = {isa = PBXFileReference; explicitFileType = wrapper.application; includeInIndex = 0; path = NHVersionHelperDemo.app; sourceTree = BUILT_PRODUCTS_DIR; };
		0A52BF541F9489F5007DBF42 /* main.m */ = {isa = PBXFileReference; lastKnownFileType = sourcecode.c.objc; path = main.m; sourceTree = "<group>"; };
		0A52BF561F9489F5007DBF42 /* AppDelegate.h */ = {isa = PBXFileReference; lastKnownFileType = sourcecode.c.h; path = AppDelegate.h; sourceTree = "<group>"; };
		0A52BF571F9489F5007DBF42 /* AppDelegate.m */ = {isa = PBXFileReference; lastKnownFileType = sourcecode.c.objc; path = AppDelegate.m; sourceTree = "<group>"; };
		0A52BF591F9489F5007DBF42 /* ViewController.h */ = {isa = PBXFileReference; lastKnownFileType = sourcecode.c.h; path = ViewController.h; sourceTree = "<group>"; };
		0A52BF5A1F9489F5007DBF42 /* ViewController.m */ = {isa = PBXFileReference; lastKnownFileType = sourcecode.c.objc; path = ViewController.m; sourceTree = "<group>"; };
		0A52BF5D1F9489F5007DBF42 /* Base */ = {isa = PBXFileReference; lastKnownFileType = file.storyboard; name = Base; path = Base.lproj/Main.storyboard; sourceTree = "<group>"; };
		0A52BF5F1F9489F5007DBF42 /* Assets.xcassets */ = {isa = PBXFileReference; lastKnownFileType = folder.assetcatalog; path = Assets.xcassets; sourceTree = "<group>"; };
		0A52BF621F9489F5007DBF42 /* Base */ = {isa = PBXFileReference; lastKnownFileType = file.storyboard; name = Base; path = Base.lproj/LaunchScreen.storyboard; sourceTree = "<group>"; };
		0A52BF641F9489F5007DBF42 /* Info.plist */ = {isa = PBXFileReference; lastKnownFileType = text.plist.xml; path = Info.plist; sourceTree = "<group>"; };
		0A52BF691F9489F5007DBF42 /* NHVersionHelperDemoTests.xctest */ = {isa = PBXFileReference; explicitFileType = wrapper.cfbundle; includeInIndex = 0; path = NHVersionHelperDemoTests.xctest; sourceTree = BUILT_PRODUCTS_DIR; };
		0A52BF6D1F9489F5007DBF42 /* NHVersionHelperDemoTests.m */ = {isa = PBXFileReference; lastKnownFileType = sourcecode.c.objc; path = NHVersionHelperDemoTests.m; sourceTree = "<group>"; };
		0A52BF6F1F9489F5007DBF42 /* Info.plist */ = {isa = PBXFileReference; lastKnownFileType = text.plist.xml; path = Info.plist; sourceTree = "<group>"; };
		0A52BF741F9489F5007DBF42 /* NHVersionHelperDemoUITests.xctest */ = {isa = PBXFileReference; explicitFileType = wrapper.cfbundle; includeInIndex = 0; path = NHVersionHelperDemoUITests.xctest; sourceTree = BUILT_PRODUCTS_DIR; };
		0A52BF781F9489F5007DBF42 /* NHVersionHelperDemoUITests.m */ = {isa = PBXFileReference; lastKnownFileType = sourcecode.c.objc; path = NHVersionHelperDemoUITests.m; sourceTree = "<group>"; };
		0A52BF7A1F9489F6007DBF42 /* Info.plist */ = {isa = PBXFileReference; lastKnownFileType = text.plist.xml; path = Info.plist; sourceTree = "<group>"; };
		0A9F4C70A05BA61F6283C534 /* Pods-NHVersionHelperDemo.debug.xcconfig */ = {isa = PBXFileReference; includeInIndex = 1; lastKnownFileType = text.xcconfig; name = "Pods-NHVersionHelperDemo.debug.xcconfig"; path = "Pods/Target Support Files/Pods-NHVersionHelperDemo/Pods-NHVersionHelperDemo.debug.xcconfig"; sourceTree = "<group>"; };
		A7D1595DB40F1A9428F0C276 /* libPods-NHVersionHelperDemo.a */ = {isa = PBXFileReference; explicitFileType = archive.ar; includeInIndex = 0; path = "libPods-NHVersionHelperDemo.a"; sourceTree = BUILT_PRODUCTS_DIR; };
		E0EB856492EFA6F4D0046623 /* Pods-NHVersionHelperDemo.release.xcconfig */ = {isa = PBXFileReference; includeInIndex = 1; lastKnownFileType = text.xcconfig; name = "Pods-NHVersionHelperDemo.release.xcconfig"; path = "Pods/Target Support Files/Pods-NHVersionHelperDemo/Pods-NHVersionHelperDemo.release.xcconfig"; sourceTree = "<group>"; };
/* End PBXFileReference section */

/* Begin PBXFrameworksBuildPhase section */
		0A52BF4D1F9489F5007DBF42 /* Frameworks */ = {
			isa = PBXFrameworksBuildPhase;
			buildActionMask = 2147483647;
			files = (
				45A27741C38C11F5FC0C3DBC /* libPods-NHVersionHelperDemo.a in Frameworks */,
			);
			runOnlyForDeploymentPostprocessing = 0;
		};
		0A52BF661F9489F5007DBF42 /* Frameworks */ = {
			isa = PBXFrameworksBuildPhase;
			buildActionMask = 2147483647;
			files = (
			);
			runOnlyForDeploymentPostprocessing = 0;
		};
		0A52BF711F9489F5007DBF42 /* Frameworks */ = {
			isa = PBXFrameworksBuildPhase;
			buildActionMask = 2147483647;
			files = (
			);
			runOnlyForDeploymentPostprocessing = 0;
		};
/* End PBXFrameworksBuildPhase section */

/* Begin PBXGroup section */
		0A52BF471F9489F5007DBF42 = {
			isa = PBXGroup;
			children = (
				0A52BF521F9489F5007DBF42 /* NHVersionHelperDemo */,
				0A52BF6C1F9489F5007DBF42 /* NHVersionHelperDemoTests */,
				0A52BF771F9489F5007DBF42 /* NHVersionHelperDemoUITests */,
				0A52BF511F9489F5007DBF42 /* Products */,
				828F0CB5196B912853B53CD9 /* Pods */,
				A772F52E8D8DBE135D013AA9 /* Frameworks */,
			);
			sourceTree = "<group>";
		};
		0A52BF511F9489F5007DBF42 /* Products */ = {
			isa = PBXGroup;
			children = (
				0A52BF501F9489F5007DBF42 /* NHVersionHelperDemo.app */,
				0A52BF691F9489F5007DBF42 /* NHVersionHelperDemoTests.xctest */,
				0A52BF741F9489F5007DBF42 /* NHVersionHelperDemoUITests.xctest */,
			);
			name = Products;
			sourceTree = "<group>";
		};
		0A52BF521F9489F5007DBF42 /* NHVersionHelperDemo */ = {
			isa = PBXGroup;
			children = (
				0A52BF561F9489F5007DBF42 /* AppDelegate.h */,
				0A52BF571F9489F5007DBF42 /* AppDelegate.m */,
				0A52BF591F9489F5007DBF42 /* ViewController.h */,
				0A52BF5A1F9489F5007DBF42 /* ViewController.m */,
				0A52BF5C1F9489F5007DBF42 /* Main.storyboard */,
				0A52BF5F1F9489F5007DBF42 /* Assets.xcassets */,
				0A52BF611F9489F5007DBF42 /* LaunchScreen.storyboard */,
				0A52BF641F9489F5007DBF42 /* Info.plist */,
				0A52BF531F9489F5007DBF42 /* Supporting Files */,
			);
			path = NHVersionHelperDemo;
			sourceTree = "<group>";
		};
		0A52BF531F9489F5007DBF42 /* Supporting Files */ = {
			isa = PBXGroup;
			children = (
				0A52BF541F9489F5007DBF42 /* main.m */,
			);
			name = "Supporting Files";
			sourceTree = "<group>";
		};
		0A52BF6C1F9489F5007DBF42 /* NHVersionHelperDemoTests */ = {
			isa = PBXGroup;
			children = (
				0A52BF6D1F9489F5007DBF42 /* NHVersionHelperDemoTests.m */,
				0A52BF6F1F9489F5007DBF42 /* Info.plist */,
			);
			path = NHVersionHelperDemoTests;
			sourceTree = "<group>";
		};
		0A52BF771F9489F5007DBF42 /* NHVersionHelperDemoUITests */ = {
			isa = PBXGroup;
			children = (
				0A52BF781F9489F5007DBF42 /* NHVersionHelperDemoUITests.m */,
				0A52BF7A1F9489F6007DBF42 /* Info.plist */,
			);
			path = NHVersionHelperDemoUITests;
			sourceTree = "<group>";
		};
		828F0CB5196B912853B53CD9 /* Pods */ = {
			isa = PBXGroup;
			children = (
				0A9F4C70A05BA61F6283C534 /* Pods-NHVersionHelperDemo.debug.xcconfig */,
				E0EB856492EFA6F4D0046623 /* Pods-NHVersionHelperDemo.release.xcconfig */,
			);
			name = Pods;
			sourceTree = "<group>";
		};
		A772F52E8D8DBE135D013AA9 /* Frameworks */ = {
			isa = PBXGroup;
			children = (
				A7D1595DB40F1A9428F0C276 /* libPods-NHVersionHelperDemo.a */,
			);
			name = Frameworks;
			sourceTree = "<group>";
		};
/* End PBXGroup section */

/* Begin PBXNativeTarget section */
		0A52BF4F1F9489F5007DBF42 /* NHVersionHelperDemo */ = {
			isa = PBXNativeTarget;
			buildConfigurationList = 0A52BF7D1F9489F6007DBF42 /* Build configuration list for PBXNativeTarget "NHVersionHelperDemo" */;
			buildPhases = (
				5F9EB7CC5E8BA4E55589C565 /* [CP] Check Pods Manifest.lock */,
				0A52BF4C1F9489F5007DBF42 /* Sources */,
				0A52BF4D1F9489F5007DBF42 /* Frameworks */,
				0A52BF4E1F9489F5007DBF42 /* Resources */,
				2ECBD1E807711E333F05EE16 /* [CP] Embed Pods Frameworks */,
				4253BA396935F1DB36F97AF9 /* [CP] Copy Pods Resources */,
			);
			buildRules = (
			);
			dependencies = (
			);
			name = NHVersionHelperDemo;
			productName = NHVersionHelperDemo;
			productReference = 0A52BF501F9489F5007DBF42 /* NHVersionHelperDemo.app */;
			productType = "com.apple.product-type.application";
		};
		0A52BF681F9489F5007DBF42 /* NHVersionHelperDemoTests */ = {
			isa = PBXNativeTarget;
			buildConfigurationList = 0A52BF801F9489F6007DBF42 /* Build configuration list for PBXNativeTarget "NHVersionHelperDemoTests" */;
			buildPhases = (
				0A52BF651F9489F5007DBF42 /* Sources */,
				0A52BF661F9489F5007DBF42 /* Frameworks */,
				0A52BF671F9489F5007DBF42 /* Resources */,
			);
			buildRules = (
			);
			dependencies = (
				0A52BF6B1F9489F5007DBF42 /* PBXTargetDependency */,
			);
			name = NHVersionHelperDemoTests;
			productName = NHVersionHelperDemoTests;
			productReference = 0A52BF691F9489F5007DBF42 /* NHVersionHelperDemoTests.xctest */;
			productType = "com.apple.product-type.bundle.unit-test";
		};
		0A52BF731F9489F5007DBF42 /* NHVersionHelperDemoUITests */ = {
			isa = PBXNativeTarget;
			buildConfigurationList = 0A52BF831F9489F6007DBF42 /* Build configuration list for PBXNativeTarget "NHVersionHelperDemoUITests" */;
			buildPhases = (
				0A52BF701F9489F5007DBF42 /* Sources */,
				0A52BF711F9489F5007DBF42 /* Frameworks */,
				0A52BF721F9489F5007DBF42 /* Resources */,
			);
			buildRules = (
			);
			dependencies = (
				0A52BF761F9489F5007DBF42 /* PBXTargetDependency */,
			);
			name = NHVersionHelperDemoUITests;
			productName = NHVersionHelperDemoUITests;
			productReference = 0A52BF741F9489F5007DBF42 /* NHVersionHelperDemoUITests.xctest */;
			productType = "com.apple.product-type.bundle.ui-testing";
		};
/* End PBXNativeTarget section */

/* Begin PBXProject section */
		0A52BF481F9489F5007DBF42 /* Project object */ = {
			isa = PBXProject;
			attributes = {
				LastUpgradeCheck = 0820;
				ORGANIZATIONNAME = neghao;
				TargetAttributes = {
					0A52BF4F1F9489F5007DBF42 = {
						CreatedOnToolsVersion = 8.2.1;
						DevelopmentTeam = 69U78V53ZN;
						ProvisioningStyle = Automatic;
					};
					0A52BF681F9489F5007DBF42 = {
						CreatedOnToolsVersion = 8.2.1;
						DevelopmentTeam = 69U78V53ZN;
						ProvisioningStyle = Automatic;
						TestTargetID = 0A52BF4F1F9489F5007DBF42;
					};
					0A52BF731F9489F5007DBF42 = {
						CreatedOnToolsVersion = 8.2.1;
						DevelopmentTeam = 69U78V53ZN;
						ProvisioningStyle = Automatic;
						TestTargetID = 0A52BF4F1F9489F5007DBF42;
					};
				};
			};
			buildConfigurationList = 0A52BF4B1F9489F5007DBF42 /* Build configuration list for PBXProject "NHVersionHelperDemo" */;
			compatibilityVersion = "Xcode 3.2";
			developmentRegion = English;
			hasScannedForEncodings = 0;
			knownRegions = (
				en,
				Base,
			);
			mainGroup = 0A52BF471F9489F5007DBF42;
			productRefGroup = 0A52BF511F9489F5007DBF42 /* Products */;
			projectDirPath = "";
			projectRoot = "";
			targets = (
				0A52BF4F1F9489F5007DBF42 /* NHVersionHelperDemo */,
				0A52BF681F9489F5007DBF42 /* NHVersionHelperDemoTests */,
				0A52BF731F9489F5007DBF42 /* NHVersionHelperDemoUITests */,
			);
		};
/* End PBXProject section */

/* Begin PBXResourcesBuildPhase section */
		0A52BF4E1F9489F5007DBF42 /* Resources */ = {
			isa = PBXResourcesBuildPhase;
			buildActionMask = 2147483647;
			files = (
				0A52BF631F9489F5007DBF42 /* LaunchScreen.storyboard in Resources */,
				0A52BF601F9489F5007DBF42 /* Assets.xcassets in Resources */,
				0A52BF5E1F9489F5007DBF42 /* Main.storyboard in Resources */,
			);
			runOnlyForDeploymentPostprocessing = 0;
		};
		0A52BF671F9489F5007DBF42 /* Resources */ = {
			isa = PBXResourcesBuildPhase;
			buildActionMask = 2147483647;
			files = (
			);
			runOnlyForDeploymentPostprocessing = 0;
		};
		0A52BF721F9489F5007DBF42 /* Resources */ = {
			isa = PBXResourcesBuildPhase;
			buildActionMask = 2147483647;
			files = (
			);
			runOnlyForDeploymentPostprocessing = 0;
		};
/* End PBXResourcesBuildPhase section */

/* Begin PBXShellScriptBuildPhase section */
		2ECBD1E807711E333F05EE16 /* [CP] Embed Pods Frameworks */ = {
			isa = PBXShellScriptBuildPhase;
			buildActionMask = 2147483647;
			files = (
			);
			inputPaths = (
			);
			name = "[CP] Embed Pods Frameworks";
			outputPaths = (
			);
			runOnlyForDeploymentPostprocessing = 0;
			shellPath = /bin/sh;
			shellScript = "\"${SRCROOT}/Pods/Target Support Files/Pods-NHVersionHelperDemo/Pods-NHVersionHelperDemo-frameworks.sh\"\n";
			showEnvVarsInLog = 0;
		};
		4253BA396935F1DB36F97AF9 /* [CP] Copy Pods Resources */ = {
			isa = PBXShellScriptBuildPhase;
			buildActionMask = 2147483647;
			files = (
			);
			inputPaths = (
			);
			name = "[CP] Copy Pods Resources";
			outputPaths = (
			);
			runOnlyForDeploymentPostprocessing = 0;
			shellPath = /bin/sh;
			shellScript = "\"${SRCROOT}/Pods/Target Support Files/Pods-NHVersionHelperDemo/Pods-NHVersionHelperDemo-resources.sh\"\n";
			showEnvVarsInLog = 0;
		};
		5F9EB7CC5E8BA4E55589C565 /* [CP] Check Pods Manifest.lock */ = {
			isa = PBXShellScriptBuildPhase;
			buildActionMask = 2147483647;
			files = (
			);
			inputPaths = (
			);
			name = "[CP] Check Pods Manifest.lock";
			outputPaths = (
			);
			runOnlyForDeploymentPostprocessing = 0;
			shellPath = /bin/sh;
			shellScript = "diff \"${PODS_PODFILE_DIR_PATH}/Podfile.lock\" \"${PODS_ROOT}/Manifest.lock\" > /dev/null\nif [ $? != 0 ] ; then\n    # print error to STDERR\n    echo \"error: The sandbox is not in sync with the Podfile.lock. Run 'pod install' or update your CocoaPods installation.\" >&2\n    exit 1\nfi\n";
			showEnvVarsInLog = 0;
		};
/* End PBXShellScriptBuildPhase section */

/* Begin PBXSourcesBuildPhase section */
		0A52BF4C1F9489F5007DBF42 /* Sources */ = {
			isa = PBXSourcesBuildPhase;
			buildActionMask = 2147483647;
			files = (
				0A52BF5B1F9489F5007DBF42 /* ViewController.m in Sources */,
				0A52BF581F9489F5007DBF42 /* AppDelegate.m in Sources */,
				0A52BF551F9489F5007DBF42 /* main.m in Sources */,
			);
			runOnlyForDeploymentPostprocessing = 0;
		};
		0A52BF651F9489F5007DBF42 /* Sources */ = {
			isa = PBXSourcesBuildPhase;
			buildActionMask = 2147483647;
			files = (
				0A52BF6E1F9489F5007DBF42 /* NHVersionHelperDemoTests.m in Sources */,
			);
			runOnlyForDeploymentPostprocessing = 0;
		};
		0A52BF701F9489F5007DBF42 /* Sources */ = {
			isa = PBXSourcesBuildPhase;
			buildActionMask = 2147483647;
			files = (
				0A52BF791F9489F5007DBF42 /* NHVersionHelperDemoUITests.m in Sources */,
			);
			runOnlyForDeploymentPostprocessing = 0;
		};
/* End PBXSourcesBuildPhase section */

/* Begin PBXTargetDependency section */
		0A52BF6B1F9489F5007DBF42 /* PBXTargetDependency */ = {
			isa = PBXTargetDependency;
			target = 0A52BF4F1F9489F5007DBF42 /* NHVersionHelperDemo */;
			targetProxy = 0A52BF6A1F9489F5007DBF42 /* PBXContainerItemProxy */;
		};
		0A52BF761F9489F5007DBF42 /* PBXTargetDependency */ = {
			isa = PBXTargetDependency;
			target = 0A52BF4F1F9489F5007DBF42 /* NHVersionHelperDemo */;
			targetProxy = 0A52BF751F9489F5007DBF42 /* PBXContainerItemProxy */;
		};
/* End PBXTargetDependency section */

/* Begin PBXVariantGroup section */
		0A52BF5C1F9489F5007DBF42 /* Main.storyboard */ = {
			isa = PBXVariantGroup;
			children = (
				0A52BF5D1F9489F5007DBF42 /* Base */,
			);
			name = Main.storyboard;
			sourceTree = "<group>";
		};
		0A52BF611F9489F5007DBF42 /* LaunchScreen.storyboard */ = {
			isa = PBXVariantGroup;
			children = (
				0A52BF621F9489F5007DBF42 /* Base */,
			);
			name = LaunchScreen.storyboard;
			sourceTree = "<group>";
		};
/* End PBXVariantGroup section */

/* Begin XCBuildConfiguration section */
		0A52BF7B1F9489F6007DBF42 /* Debug */ = {
			isa = XCBuildConfiguration;
			buildSettings = {
				ALWAYS_SEARCH_USER_PATHS = NO;
				CLANG_ANALYZER_NONNULL = YES;
				CLANG_CXX_LANGUAGE_STANDARD = "gnu++0x";
				CLANG_CXX_LIBRARY = "libc++";
				CLANG_ENABLE_MODULES = YES;
				CLANG_ENABLE_OBJC_ARC = YES;
				CLANG_WARN_BOOL_CONVERSION = YES;
				CLANG_WARN_CONSTANT_CONVERSION = YES;
				CLANG_WARN_DIRECT_OBJC_ISA_USAGE = YES_ERROR;
				CLANG_WARN_DOCUMENTATION_COMMENTS = YES;
				CLANG_WARN_EMPTY_BODY = YES;
				CLANG_WARN_ENUM_CONVERSION = YES;
				CLANG_WARN_INFINITE_RECURSION = YES;
				CLANG_WARN_INT_CONVERSION = YES;
				CLANG_WARN_OBJC_ROOT_CLASS = YES_ERROR;
				CLANG_WARN_SUSPICIOUS_MOVE = YES;
				CLANG_WARN_UNREACHABLE_CODE = YES;
				CLANG_WARN__DUPLICATE_METHOD_MATCH = YES;
				"CODE_SIGN_IDENTITY[sdk=iphoneos*]" = "iPhone Developer";
				COPY_PHASE_STRIP = NO;
				DEBUG_INFORMATION_FORMAT = dwarf;
				ENABLE_STRICT_OBJC_MSGSEND = YES;
				ENABLE_TESTABILITY = YES;
				GCC_C_LANGUAGE_STANDARD = gnu99;
				GCC_DYNAMIC_NO_PIC = NO;
				GCC_NO_COMMON_BLOCKS = YES;
				GCC_OPTIMIZATION_LEVEL = 0;
				GCC_PREPROCESSOR_DEFINITIONS = (
					"DEBUG=1",
					"$(inherited)",
				);
				GCC_WARN_64_TO_32_BIT_CONVERSION = YES;
				GCC_WARN_ABOUT_RETURN_TYPE = YES_ERROR;
				GCC_WARN_UNDECLARED_SELECTOR = YES;
				GCC_WARN_UNINITIALIZED_AUTOS = YES_AGGRESSIVE;
				GCC_WARN_UNUSED_FUNCTION = YES;
				GCC_WARN_UNUSED_VARIABLE = YES;
				IPHONEOS_DEPLOYMENT_TARGET = 10.2;
				MTL_ENABLE_DEBUG_INFO = YES;
				ONLY_ACTIVE_ARCH = YES;
				SDKROOT = iphoneos;
			};
			name = Debug;
		};
		0A52BF7C1F9489F6007DBF42 /* Release */ = {
			isa = XCBuildConfiguration;
			buildSettings = {
				ALWAYS_SEARCH_USER_PATHS = NO;
				CLANG_ANALYZER_NONNULL = YES;
				CLANG_CXX_LANGUAGE_STANDARD = "gnu++0x";
				CLANG_CXX_LIBRARY = "libc++";
				CLANG_ENABLE_MODULES = YES;
				CLANG_ENABLE_OBJC_ARC = YES;
				CLANG_WARN_BOOL_CONVERSION = YES;
				CLANG_WARN_CONSTANT_CONVERSION = YES;
				CLANG_WARN_DIRECT_OBJC_ISA_USAGE = YES_ERROR;
				CLANG_WARN_DOCUMENTATION_COMMENTS = YES;
				CLANG_WARN_EMPTY_BODY = YES;
				CLANG_WARN_ENUM_CONVERSION = YES;
				CLANG_WARN_INFINITE_RECURSION = YES;
				CLANG_WARN_INT_CONVERSION = YES;
				CLANG_WARN_OBJC_ROOT_CLASS = YES_ERROR;
				CLANG_WARN_SUSPICIOUS_MOVE = YES;
				CLANG_WARN_UNREACHABLE_CODE = YES;
				CLANG_WARN__DUPLICATE_METHOD_MATCH = YES;
				"CODE_SIGN_IDENTITY[sdk=iphoneos*]" = "iPhone Developer";
				COPY_PHASE_STRIP = NO;
				DEBUG_INFORMATION_FORMAT = "dwarf-with-dsym";
				ENABLE_NS_ASSERTIONS = NO;
				ENABLE_STRICT_OBJC_MSGSEND = YES;
				GCC_C_LANGUAGE_STANDARD = gnu99;
				GCC_NO_COMMON_BLOCKS = YES;
				GCC_WARN_64_TO_32_BIT_CONVERSION = YES;
				GCC_WARN_ABOUT_RETURN_TYPE = YES_ERROR;
				GCC_WARN_UNDECLARED_SELECTOR = YES;
				GCC_WARN_UNINITIALIZED_AUTOS = YES_AGGRESSIVE;
				GCC_WARN_UNUSED_FUNCTION = YES;
				GCC_WARN_UNUSED_VARIABLE = YES;
				IPHONEOS_DEPLOYMENT_TARGET = 10.2;
				MTL_ENABLE_DEBUG_INFO = NO;
				SDKROOT = iphoneos;
				VALIDATE_PRODUCT = YES;
			};
			name = Release;
		};
		0A52BF7E1F9489F6007DBF42 /* Debug */ = {
			isa = XCBuildConfiguration;
			baseConfigurationReference = 0A9F4C70A05BA61F6283C534 /* Pods-NHVersionHelperDemo.debug.xcconfig */;
			buildSettings = {
				ASSETCATALOG_COMPILER_APPICON_NAME = AppIcon;
				DEVELOPMENT_TEAM = 69U78V53ZN;
				INFOPLIST_FILE = NHVersionHelperDemo/Info.plist;
				IPHONEOS_DEPLOYMENT_TARGET = 7.0;
				LD_RUNPATH_SEARCH_PATHS = "$(inherited) @executable_path/Frameworks";
				PRODUCT_BUNDLE_IDENTIFIER = neghao.studio.NHVersionHelperDemo;
				PRODUCT_NAME = "$(TARGET_NAME)";
			};
			name = Debug;
		};
		0A52BF7F1F9489F6007DBF42 /* Release */ = {
			isa = XCBuildConfiguration;
			baseConfigurationReference = E0EB856492EFA6F4D0046623 /* Pods-NHVersionHelperDemo.release.xcconfig */;
			buildSettings = {
				ASSETCATALOG_COMPILER_APPICON_NAME = AppIcon;
				DEVELOPMENT_TEAM = 69U78V53ZN;
				INFOPLIST_FILE = NHVersionHelperDemo/Info.plist;
				IPHONEOS_DEPLOYMENT_TARGET = 7.0;
				LD_RUNPATH_SEARCH_PATHS = "$(inherited) @executable_path/Frameworks";
				PRODUCT_BUNDLE_IDENTIFIER = neghao.studio.NHVersionHelperDemo;
				PRODUCT_NAME = "$(TARGET_NAME)";
			};
			name = Release;
		};
		0A52BF811F9489F6007DBF42 /* Debug */ = {
			isa = XCBuildConfiguration;
			buildSettings = {
				BUNDLE_LOADER = "$(TEST_HOST)";
				DEVELOPMENT_TEAM = 69U78V53ZN;
				INFOPLIST_FILE = NHVersionHelperDemoTests/Info.plist;
				LD_RUNPATH_SEARCH_PATHS = "$(inherited) @executable_path/Frameworks @loader_path/Frameworks";
				PRODUCT_BUNDLE_IDENTIFIER = neghao.studio.NHVersionHelperDemoTests;
				PRODUCT_NAME = "$(TARGET_NAME)";
				TEST_HOST = "$(BUILT_PRODUCTS_DIR)/NHVersionHelperDemo.app/NHVersionHelperDemo";
			};
			name = Debug;
		};
		0A52BF821F9489F6007DBF42 /* Release */ = {
			isa = XCBuildConfiguration;
			buildSettings = {
				BUNDLE_LOADER = "$(TEST_HOST)";
				DEVELOPMENT_TEAM = 69U78V53ZN;
				INFOPLIST_FILE = NHVersionHelperDemoTests/Info.plist;
				LD_RUNPATH_SEARCH_PATHS = "$(inherited) @executable_path/Frameworks @loader_path/Frameworks";
				PRODUCT_BUNDLE_IDENTIFIER = neghao.studio.NHVersionHelperDemoTests;
				PRODUCT_NAME = "$(TARGET_NAME)";
				TEST_HOST = "$(BUILT_PRODUCTS_DIR)/NHVersionHelperDemo.app/NHVersionHelperDemo";
			};
			name = Release;
		};
		0A52BF841F9489F6007DBF42 /* Debug */ = {
			isa = XCBuildConfiguration;
			buildSettings = {
				DEVELOPMENT_TEAM = 69U78V53ZN;
				INFOPLIST_FILE = NHVersionHelperDemoUITests/Info.plist;
				LD_RUNPATH_SEARCH_PATHS = "$(inherited) @executable_path/Frameworks @loader_path/Frameworks";
				PRODUCT_BUNDLE_IDENTIFIER = neghao.studio.NHVersionHelperDemoUITests;
				PRODUCT_NAME = "$(TARGET_NAME)";
				TEST_TARGET_NAME = NHVersionHelperDemo;
			};
			name = Debug;
		};
		0A52BF851F9489F6007DBF42 /* Release */ = {
			isa = XCBuildConfiguration;
			buildSettings = {
				DEVELOPMENT_TEAM = 69U78V53ZN;
				INFOPLIST_FILE = NHVersionHelperDemoUITests/Info.plist;
				LD_RUNPATH_SEARCH_PATHS = "$(inherited) @executable_path/Frameworks @loader_path/Frameworks";
				PRODUCT_BUNDLE_IDENTIFIER = neghao.studio.NHVersionHelperDemoUITests;
				PRODUCT_NAME = "$(TARGET_NAME)";
				TEST_TARGET_NAME = NHVersionHelperDemo;
			};
			name = Release;
		};
/* End XCBuildConfiguration section */

/* Begin XCConfigurationList section */
		0A52BF4B1F9489F5007DBF42 /* Build configuration list for PBXProject "NHVersionHelperDemo" */ = {
			isa = XCConfigurationList;
			buildConfigurations = (
				0A52BF7B1F9489F6007DBF42 /* Debug */,
				0A52BF7C1F9489F6007DBF42 /* Release */,
			);
			defaultConfigurationIsVisible = 0;
			defaultConfigurationName = Release;
		};
		0A52BF7D1F9489F6007DBF42 /* Build configuration list for PBXNativeTarget "NHVersionHelperDemo" */ = {
			isa = XCConfigurationList;
			buildConfigurations = (
				0A52BF7E1F9489F6007DBF42 /* Debug */,
				0A52BF7F1F9489F6007DBF42 /* Release */,
			);
			defaultConfigurationIsVisible = 0;
			defaultConfigurationName = Release;
		};
		0A52BF801F9489F6007DBF42 /* Build configuration list for PBXNativeTarget "NHVersionHelperDemoTests" */ = {
			isa = XCConfigurationList;
			buildConfigurations = (
				0A52BF811F9489F6007DBF42 /* Debug */,
				0A52BF821F9489F6007DBF42 /* Release */,
			);
			defaultConfigurationIsVisible = 0;
			defaultConfigurationName = Release;
		};
		0A52BF831F9489F6007DBF42 /* Build configuration list for PBXNativeTarget "NHVersionHelperDemoUITests" */ = {
			isa = XCConfigurationList;
			buildConfigurations = (
				0A52BF841F9489F6007DBF42 /* Debug */,
				0A52BF851F9489F6007DBF42 /* Release */,
			);
			defaultConfigurationIsVisible = 0;
			defaultConfigurationName = Release;
		};
/* End XCConfigurationList section */
	};
	rootObject = 0A52BF481F9489F5007DBF42 /* Project object */;
}
